// !$*UTF8*$!
{
	archiveVersion = 1;
	classes = {
	};
	objectVersion = 46;
	objects = {

/* Begin PBXBuildFile section */
		5E2770451B5FFB7200088786 /* Set-Extension.swift in Sources */ = {isa = PBXBuildFile; fileRef = 5E2770441B5FFB7200088786 /* Set-Extension.swift */; };
		5EA3BBE51B5D050F008F602C /* AppDelegate.swift in Sources */ = {isa = PBXBuildFile; fileRef = 5EA3BBE41B5D050F008F602C /* AppDelegate.swift */; };
		5EA3BBE71B5D050F008F602C /* ViewController.swift in Sources */ = {isa = PBXBuildFile; fileRef = 5EA3BBE61B5D050F008F602C /* ViewController.swift */; };
		5EA3BBEA1B5D050F008F602C /* Main.storyboard in Resources */ = {isa = PBXBuildFile; fileRef = 5EA3BBE81B5D050F008F602C /* Main.storyboard */; };
		5EA3BBEC1B5D050F008F602C /* Images.xcassets in Resources */ = {isa = PBXBuildFile; fileRef = 5EA3BBEB1B5D050F008F602C /* Images.xcassets */; };
		5EA3BBEF1B5D050F008F602C /* LaunchScreen.xib in Resources */ = {isa = PBXBuildFile; fileRef = 5EA3BBED1B5D050F008F602C /* LaunchScreen.xib */; };
		5EA3BBFB1B5D050F008F602C /* GameOfLifeTests.swift in Sources */ = {isa = PBXBuildFile; fileRef = 5EA3BBFA1B5D050F008F602C /* GameOfLifeTests.swift */; };
		5EA3BC091B5D0572008F602C /* Cell.swift in Sources */ = {isa = PBXBuildFile; fileRef = 5EA3BC081B5D0572008F602C /* Cell.swift */; };
		5EA3BC0B1B5D059C008F602C /* CellBoard.swift in Sources */ = {isa = PBXBuildFile; fileRef = 5EA3BC0A1B5D059C008F602C /* CellBoard.swift */; };
		5EA3BC0D1B5D05F2008F602C /* CellBoardView.swift in Sources */ = {isa = PBXBuildFile; fileRef = 5EA3BC0C1B5D05F2008F602C /* CellBoardView.swift */; };
		5EA3BC0F1B5D06FA008F602C /* DrawToImage.swift in Sources */ = {isa = PBXBuildFile; fileRef = 5EA3BC0E1B5D06FA008F602C /* DrawToImage.swift */; };
/* End PBXBuildFile section */

/* Begin PBXContainerItemProxy section */
		5EA3BBF51B5D050F008F602C /* PBXContainerItemProxy */ = {
			isa = PBXContainerItemProxy;
			containerPortal = 5EA3BBD71B5D050E008F602C /* Project object */;
			proxyType = 1;
			remoteGlobalIDString = 5EA3BBDE1B5D050E008F602C;
			remoteInfo = GameOfLife;
		};
/* End PBXContainerItemProxy section */

/* Begin PBXFileReference section */
		5E2770441B5FFB7200088786 /* Set-Extension.swift */ = {isa = PBXFileReference; fileEncoding = 4; lastKnownFileType = sourcecode.swift; path = "Set-Extension.swift"; sourceTree = "<group>"; };
		5EA3BBDF1B5D050E008F602C /* GameOfLife.app */ = {isa = PBXFileReference; explicitFileType = wrapper.application; includeInIndex = 0; path = GameOfLife.app; sourceTree = BUILT_PRODUCTS_DIR; };
		5EA3BBE31B5D050F008F602C /* Info.plist */ = {isa = PBXFileReference; lastKnownFileType = text.plist.xml; path = Info.plist; sourceTree = "<group>"; };
		5EA3BBE41B5D050F008F602C /* AppDelegate.swift */ = {isa = PBXFileReference; lastKnownFileType = sourcecode.swift; path = AppDelegate.swift; sourceTree = "<group>"; };
		5EA3BBE61B5D050F008F602C /* ViewController.swift */ = {isa = PBXFileReference; lastKnownFileType = sourcecode.swift; path = ViewController.swift; sourceTree = "<group>"; };
		5EA3BBE91B5D050F008F602C /* Base */ = {isa = PBXFileReference; lastKnownFileType = file.storyboard; name = Base; path = Base.lproj/Main.storyboard; sourceTree = "<group>"; };
		5EA3BBEB1B5D050F008F602C /* Images.xcassets */ = {isa = PBXFileReference; lastKnownFileType = folder.assetcatalog; path = Images.xcassets; sourceTree = "<group>"; };
		5EA3BBEE1B5D050F008F602C /* Base */ = {isa = PBXFileReference; lastKnownFileType = file.xib; name = Base; path = Base.lproj/LaunchScreen.xib; sourceTree = "<group>"; };
		5EA3BBF41B5D050F008F602C /* GameOfLifeTests.xctest */ = {isa = PBXFileReference; explicitFileType = wrapper.cfbundle; includeInIndex = 0; path = GameOfLifeTests.xctest; sourceTree = BUILT_PRODUCTS_DIR; };
		5EA3BBF91B5D050F008F602C /* Info.plist */ = {isa = PBXFileReference; lastKnownFileType = text.plist.xml; path = Info.plist; sourceTree = "<group>"; };
		5EA3BBFA1B5D050F008F602C /* GameOfLifeTests.swift */ = {isa = PBXFileReference; lastKnownFileType = sourcecode.swift; path = GameOfLifeTests.swift; sourceTree = "<group>"; };
		5EA3BC081B5D0572008F602C /* Cell.swift */ = {isa = PBXFileReference; fileEncoding = 4; lastKnownFileType = sourcecode.swift; path = Cell.swift; sourceTree = "<group>"; };
		5EA3BC0A1B5D059C008F602C /* CellBoard.swift */ = {isa = PBXFileReference; fileEncoding = 4; lastKnownFileType = sourcecode.swift; path = CellBoard.swift; sourceTree = "<group>"; };
		5EA3BC0C1B5D05F2008F602C /* CellBoardView.swift */ = {isa = PBXFileReference; fileEncoding = 4; lastKnownFileType = sourcecode.swift; path = CellBoardView.swift; sourceTree = "<group>"; };
		5EA3BC0E1B5D06FA008F602C /* DrawToImage.swift */ = {isa = PBXFileReference; fileEncoding = 4; lastKnownFileType = sourcecode.swift; path = DrawToImage.swift; sourceTree = "<group>"; };
/* End PBXFileReference section */

/* Begin PBXFrameworksBuildPhase section */
		5EA3BBDC1B5D050E008F602C /* Frameworks */ = {
			isa = PBXFrameworksBuildPhase;
			buildActionMask = 2147483647;
			files = (
			);
			runOnlyForDeploymentPostprocessing = 0;
		};
		5EA3BBF11B5D050F008F602C /* Frameworks */ = {
			isa = PBXFrameworksBuildPhase;
			buildActionMask = 2147483647;
			files = (
			);
			runOnlyForDeploymentPostprocessing = 0;
		};
/* End PBXFrameworksBuildPhase section */

/* Begin PBXGroup section */
		5EA3BBD61B5D050E008F602C = {
			isa = PBXGroup;
			children = (
				5EA3BBE11B5D050E008F602C /* GameOfLife */,
				5EA3BBF71B5D050F008F602C /* GameOfLifeTests */,
				5EA3BBE01B5D050E008F602C /* Products */,
			);
			sourceTree = "<group>";
		};
		5EA3BBE01B5D050E008F602C /* Products */ = {
			isa = PBXGroup;
			children = (
				5EA3BBDF1B5D050E008F602C /* GameOfLife.app */,
				5EA3BBF41B5D050F008F602C /* GameOfLifeTests.xctest */,
			);
			name = Products;
			sourceTree = "<group>";
		};
		5EA3BBE11B5D050E008F602C /* GameOfLife */ = {
			isa = PBXGroup;
			children = (
				5EA3BBE41B5D050F008F602C /* AppDelegate.swift */,
				5EA3BBE61B5D050F008F602C /* ViewController.swift */,
				5EA3BBE81B5D050F008F602C /* Main.storyboard */,
				5EA3BC081B5D0572008F602C /* Cell.swift */,
				5EA3BC0A1B5D059C008F602C /* CellBoard.swift */,
				5EA3BC0C1B5D05F2008F602C /* CellBoardView.swift */,
				5EA3BC0E1B5D06FA008F602C /* DrawToImage.swift */,
				5E2770441B5FFB7200088786 /* Set-Extension.swift */,
				5EA3BBEB1B5D050F008F602C /* Images.xcassets */,
				5EA3BBED1B5D050F008F602C /* LaunchScreen.xib */,
				5EA3BBE21B5D050F008F602C /* Supporting Files */,
			);
			path = GameOfLife;
			sourceTree = "<group>";
		};
		5EA3BBE21B5D050F008F602C /* Supporting Files */ = {
			isa = PBXGroup;
			children = (
				5EA3BBE31B5D050F008F602C /* Info.plist */,
			);
			name = "Supporting Files";
			sourceTree = "<group>";
		};
		5EA3BBF71B5D050F008F602C /* GameOfLifeTests */ = {
			isa = PBXGroup;
			children = (
				5EA3BBFA1B5D050F008F602C /* GameOfLifeTests.swift */,
				5EA3BBF81B5D050F008F602C /* Supporting Files */,
			);
			path = GameOfLifeTests;
			sourceTree = "<group>";
		};
		5EA3BBF81B5D050F008F602C /* Supporting Files */ = {
			isa = PBXGroup;
			children = (
				5EA3BBF91B5D050F008F602C /* Info.plist */,
			);
			name = "Supporting Files";
			sourceTree = "<group>";
		};
/* End PBXGroup section */

/* Begin PBXNativeTarget section */
		5EA3BBDE1B5D050E008F602C /* GameOfLife */ = {
			isa = PBXNativeTarget;
			buildConfigurationList = 5EA3BBFE1B5D050F008F602C /* Build configuration list for PBXNativeTarget "GameOfLife" */;
			buildPhases = (
				5EA3BBDB1B5D050E008F602C /* Sources */,
				5EA3BBDC1B5D050E008F602C /* Frameworks */,
				5EA3BBDD1B5D050E008F602C /* Resources */,
			);
			buildRules = (
			);
			dependencies = (
			);
			name = GameOfLife;
			productName = GameOfLife;
			productReference = 5EA3BBDF1B5D050E008F602C /* GameOfLife.app */;
			productType = "com.apple.product-type.application";
		};
		5EA3BBF31B5D050F008F602C /* GameOfLifeTests */ = {
			isa = PBXNativeTarget;
			buildConfigurationList = 5EA3BC011B5D050F008F602C /* Build configuration list for PBXNativeTarget "GameOfLifeTests" */;
			buildPhases = (
				5EA3BBF01B5D050F008F602C /* Sources */,
				5EA3BBF11B5D050F008F602C /* Frameworks */,
				5EA3BBF21B5D050F008F602C /* Resources */,
			);
			buildRules = (
			);
			dependencies = (
				5EA3BBF61B5D050F008F602C /* PBXTargetDependency */,
			);
			name = GameOfLifeTests;
			productName = GameOfLifeTests;
			productReference = 5EA3BBF41B5D050F008F602C /* GameOfLifeTests.xctest */;
			productType = "com.apple.product-type.bundle.unit-test";
		};
/* End PBXNativeTarget section */

/* Begin PBXProject section */
		5EA3BBD71B5D050E008F602C /* Project object */ = {
			isa = PBXProject;
			attributes = {
				LastUpgradeCheck = 0640;
				ORGANIZATIONNAME = "Kristofer Hanes";
				TargetAttributes = {
					5EA3BBDE1B5D050E008F602C = {
						CreatedOnToolsVersion = 6.4;
					};
					5EA3BBF31B5D050F008F602C = {
						CreatedOnToolsVersion = 6.4;
						TestTargetID = 5EA3BBDE1B5D050E008F602C;
					};
				};
			};
			buildConfigurationList = 5EA3BBDA1B5D050E008F602C /* Build configuration list for PBXProject "GameOfLife" */;
			compatibilityVersion = "Xcode 3.2";
			developmentRegion = English;
			hasScannedForEncodings = 0;
			knownRegions = (
				en,
				Base,
			);
			mainGroup = 5EA3BBD61B5D050E008F602C;
			productRefGroup = 5EA3BBE01B5D050E008F602C /* Products */;
			projectDirPath = "";
			projectRoot = "";
			targets = (
				5EA3BBDE1B5D050E008F602C /* GameOfLife */,
				5EA3BBF31B5D050F008F602C /* GameOfLifeTests */,
			);
		};
/* End PBXProject section */

/* Begin PBXResourcesBuildPhase section */
		5EA3BBDD1B5D050E008F602C /* Resources */ = {
			isa = PBXResourcesBuildPhase;
			buildActionMask = 2147483647;
			files = (
				5EA3BBEA1B5D050F008F602C /* Main.storyboard in Resources */,
				5EA3BBEF1B5D050F008F602C /* LaunchScreen.xib in Resources */,
				5EA3BBEC1B5D050F008F602C /* Images.xcassets in Resources */,
			);
			runOnlyForDeploymentPostprocessing = 0;
		};
		5EA3BBF21B5D050F008F602C /* Resources */ = {
			isa = PBXResourcesBuildPhase;
			buildActionMask = 2147483647;
			files = (
			);
			runOnlyForDeploymentPostprocessing = 0;
		};
/* End PBXResourcesBuildPhase section */

/* Begin PBXSourcesBuildPhase section */
		5EA3BBDB1B5D050E008F602C /* Sources */ = {
			isa = PBXSourcesBuildPhase;
			buildActionMask = 2147483647;
			files = (
				5EA3BBE71B5D050F008F602C /* ViewController.swift in Sources */,
				5EA3BBE51B5D050F008F602C /* AppDelegate.swift in Sources */,
				5EA3BC0F1B5D06FA008F602C /* DrawToImage.swift in Sources */,
				5EA3BC0B1B5D059C008F602C /* CellBoard.swift in Sources */,
				5EA3BC0D1B5D05F2008F602C /* CellBoardView.swift in Sources */,
				5E2770451B5FFB7200088786 /* Set-Extension.swift in Sources */,
				5EA3BC091B5D0572008F602C /* Cell.swift in Sources */,
			);
			runOnlyForDeploymentPostprocessing = 0;
		};
		5EA3BBF01B5D050F008F602C /* Sources */ = {
			isa = PBXSourcesBuildPhase;
			buildActionMask = 2147483647;
			files = (
				5EA3BBFB1B5D050F008F602C /* GameOfLifeTests.swift in Sources */,
			);
			runOnlyForDeploymentPostprocessing = 0;
		};
/* End PBXSourcesBuildPhase section */

/* Begin PBXTargetDependency section */
		5EA3BBF61B5D050F008F602C /* PBXTargetDependency */ = {
			isa = PBXTargetDependency;
			target = 5EA3BBDE1B5D050E008F602C /* GameOfLife */;
			targetProxy = 5EA3BBF51B5D050F008F602C /* PBXContainerItemProxy */;
		};
/* End PBXTargetDependency section */

/* Begin PBXVariantGroup section */
		5EA3BBE81B5D050F008F602C /* Main.storyboard */ = {
			isa = PBXVariantGroup;
			children = (
				5EA3BBE91B5D050F008F602C /* Base */,
			);
			name = Main.storyboard;
			sourceTree = "<group>";
		};
		5EA3BBED1B5D050F008F602C /* LaunchScreen.xib */ = {
			isa = PBXVariantGroup;
			children = (
				5EA3BBEE1B5D050F008F602C /* Base */,
			);
			name = LaunchScreen.xib;
			sourceTree = "<group>";
		};
/* End PBXVariantGroup section */

/* Begin XCBuildConfiguration section */
		5EA3BBFC1B5D050F008F602C /* Debug */ = {
			isa = XCBuildConfiguration;
			buildSettings = {
				ALWAYS_SEARCH_USER_PATHS = NO;
				CLANG_CXX_LANGUAGE_STANDARD = "gnu++0x";
				CLANG_CXX_LIBRARY = "libc++";
				CLANG_ENABLE_MODULES = YES;
				CLANG_ENABLE_OBJC_ARC = YES;
				CLANG_WARN_BOOL_CONVERSION = YES;
				CLANG_WARN_CONSTANT_CONVERSION = YES;
				CLANG_WARN_DIRECT_OBJC_ISA_USAGE = YES_ERROR;
				CLANG_WARN_EMPTY_BODY = YES;
				CLANG_WARN_ENUM_CONVERSION = YES;
				CLANG_WARN_INT_CONVERSION = YES;
				CLANG_WARN_OBJC_ROOT_CLASS = YES_ERROR;
				CLANG_WARN_UNREACHABLE_CODE = YES;
				CLANG_WARN__DUPLICATE_METHOD_MATCH = YES;
				"CODE_SIGN_IDENTITY[sdk=iphoneos*]" = "iPhone Developer";
				COPY_PHASE_STRIP = NO;
				DEBUG_INFORMATION_FORMAT = "dwarf-with-dsym";
				ENABLE_STRICT_OBJC_MSGSEND = YES;
				GCC_C_LANGUAGE_STANDARD = gnu99;
				GCC_DYNAMIC_NO_PIC = NO;
				GCC_NO_COMMON_BLOCKS = YES;
				GCC_OPTIMIZATION_LEVEL = 0;
				GCC_PREPROCESSOR_DEFINITIONS = (
					"DEBUG=1",
					"$(inherited)",
				);
				GCC_SYMBOLS_PRIVATE_EXTERN = NO;
				GCC_WARN_64_TO_32_BIT_CONVERSION = YES;
				GCC_WARN_ABOUT_RETURN_TYPE = YES_ERROR;
				GCC_WARN_UNDECLARED_SELECTOR = YES;
				GCC_WARN_UNINITIALIZED_AUTOS = YES_AGGRESSIVE;
				GCC_WARN_UNUSED_FUNCTION = YES;
				GCC_WARN_UNUSED_VARIABLE = YES;
				IPHONEOS_DEPLOYMENT_TARGET = 8.4;
				MTL_ENABLE_DEBUG_INFO = YES;
				ONLY_ACTIVE_ARCH = YES;
				SDKROOT = iphoneos;
				SWIFT_OPTIMIZATION_LEVEL = "-Onone";
				TARGETED_DEVICE_FAMILY = "1,2";
			};
			name = Debug;
		};
		5EA3BBFD1B5D050F008F602C /* Release */ = {
			isa = XCBuildConfiguration;
			buildSettings = {
				ALWAYS_SEARCH_USER_PATHS = NO;
				CLANG_CXX_LANGUAGE_STANDARD = "gnu++0x";
				CLANG_CXX_LIBRARY = "libc++";
				CLANG_ENABLE_MODULES = YES;
				CLANG_ENABLE_OBJC_ARC = YES;
				CLANG_WARN_BOOL_CONVERSION = YES;
				CLANG_WARN_CONSTANT_CONVERSION = YES;
				CLANG_WARN_DIRECT_OBJC_ISA_USAGE = YES_ERROR;
				CLANG_WARN_EMPTY_BODY = YES;
				CLANG_WARN_ENUM_CONVERSION = YES;
				CLANG_WARN_INT_CONVERSION = YES;
				CLANG_WARN_OBJC_ROOT_CLASS = YES_ERROR;
				CLANG_WARN_UNREACHABLE_CODE = YES;
				CLANG_WARN__DUPLICATE_METHOD_MATCH = YES;
				"CODE_SIGN_IDENTITY[sdk=iphoneos*]" = "iPhone Developer";
				COPY_PHASE_STRIP = NO;
				DEBUG_INFORMATION_FORMAT = "dwarf-with-dsym";
				ENABLE_NS_ASSERTIONS = NO;
				ENABLE_STRICT_OBJC_MSGSEND = YES;
				GCC_C_LANGUAGE_STANDARD = gnu99;
				GCC_NO_COMMON_BLOCKS = YES;
				GCC_WARN_64_TO_32_BIT_CONVERSION = YES;
				GCC_WARN_ABOUT_RETURN_TYPE = YES_ERROR;
				GCC_WARN_UNDECLARED_SELECTOR = YES;
				GCC_WARN_UNINITIALIZED_AUTOS = YES_AGGRESSIVE;
				GCC_WARN_UNUSED_FUNCTION = YES;
				GCC_WARN_UNUSED_VARIABLE = YES;
				IPHONEOS_DEPLOYMENT_TARGET = 8.4;
				MTL_ENABLE_DEBUG_INFO = NO;
				SDKROOT = iphoneos;
				TARGETED_DEVICE_FAMILY = "1,2";
				VALIDATE_PRODUCT = YES;
			};
			name = Release;
		};
		5EA3BBFF1B5D050F008F602C /* Debug */ = {
			isa = XCBuildConfiguration;
			buildSettings = {
				ASSETCATALOG_COMPILER_APPICON_NAME = AppIcon;
				GCC_OPTIMIZATION_LEVEL = fast;
				INFOPLIST_FILE = GameOfLife/Info.plist;
				LD_RUNPATH_SEARCH_PATHS = "$(inherited) @executable_path/Frameworks";
				PRODUCT_NAME = "$(TARGET_NAME)";
				SWIFT_OPTIMIZATION_LEVEL = "-Ounchecked";
				SWIFT_WHOLE_MODULE_OPTIMIZATION = YES;
			};
			name = Debug;
		};
		5EA3BC001B5D050F008F602C /* Release */ = {
			isa = XCBuildConfiguration;
			buildSettings = {
				ASSETCATALOG_COMPILER_APPICON_NAME = AppIcon;
				GCC_OPTIMIZATION_LEVEL = fast;
				INFOPLIST_FILE = GameOfLife/Info.plist;
				LD_RUNPATH_SEARCH_PATHS = "$(inherited) @executable_path/Frameworks";
				PRODUCT_NAME = "$(TARGET_NAME)";
				SWIFT_OPTIMIZATION_LEVEL = "-Ounchecked";
				SWIFT_WHOLE_MODULE_OPTIMIZATION = YES;
			};
			name = Release;
		};
		5EA3BC021B5D050F008F602C /* Debug */ = {
			isa = XCBuildConfiguration;
			buildSettings = {
				BUNDLE_LOADER = "$(TEST_HOST)";
				FRAMEWORK_SEARCH_PATHS = (
					"$(SDKROOT)/Developer/Library/Frameworks",
					"$(inherited)",
				);
				GCC_PREPROCESSOR_DEFINITIONS = (
					"DEBUG=1",
					"$(inherited)",
				);
				INFOPLIST_FILE = GameOfLifeTests/Info.plist;
				LD_RUNPATH_SEARCH_PATHS = "$(inherited) @executable_path/Frameworks @loader_path/Frameworks";
				PRODUCT_NAME = "$(TARGET_NAME)";
				TEST_HOST = "$(BUILT_PRODUCTS_DIR)/GameOfLife.app/GameOfLife";
			};
			name = Debug;
		};
		5EA3BC031B5D050F008F602C /* Release */ = {
			isa = XCBuildConfiguration;
			buildSettings = {
				BUNDLE_LOADER = "$(TEST_HOST)";
				FRAMEWORK_SEARCH_PATHS = (
					"$(SDKROOT)/Developer/Library/Frameworks",
					"$(inherited)",
				);
				INFOPLIST_FILE = GameOfLifeTests/Info.plist;
				LD_RUNPATH_SEARCH_PATHS = "$(inherited) @executable_path/Frameworks @loader_path/Frameworks";
				PRODUCT_NAME = "$(TARGET_NAME)";
				TEST_HOST = "$(BUILT_PRODUCTS_DIR)/GameOfLife.app/GameOfLife";
			};
			name = Release;
		};
/* End XCBuildConfiguration section */

/* Begin XCConfigurationList section */
		5EA3BBDA1B5D050E008F602C /* Build configuration list for PBXProject "GameOfLife" */ = {
			isa = XCConfigurationList;
			buildConfigurations = (
				5EA3BBFC1B5D050F008F602C /* Debug */,
				5EA3BBFD1B5D050F008F602C /* Release */,
			);
			defaultConfigurationIsVisible = 0;
			defaultConfigurationName = Release;
		};
		5EA3BBFE1B5D050F008F602C /* Build configuration list for PBXNativeTarget "GameOfLife" */ = {
			isa = XCConfigurationList;
			buildConfigurations = (
				5EA3BBFF1B5D050F008F602C /* Debug */,
				5EA3BC001B5D050F008F602C /* Release */,
			);
			defaultConfigurationIsVisible = 0;
			defaultConfigurationName = Release;
		};
		5EA3BC011B5D050F008F602C /* Build configuration list for PBXNativeTarget "GameOfLifeTests" */ = {
			isa = XCConfigurationList;
			buildConfigurations = (
				5EA3BC021B5D050F008F602C /* Debug */,
				5EA3BC031B5D050F008F602C /* Release */,
			);
			defaultConfigurationIsVisible = 0;
			defaultConfigurationName = Release;
		};
/* End XCConfigurationList section */
	};
	rootObject = 5EA3BBD71B5D050E008F602C /* Project object */;
}
